
Microsoft Visual Studio Solution File, Format Version 12.00
# Visual Studio Version 17
VisualStudioVersion = 17.8.34408.163
MinimumVisualStudioVersion = 10.0.40219.1
Project("{FAE04EC0-301F-11D3-BF4B-00C04F79EFBC}") = "WA_ManavCompany", "WA_ManavCompany\WA_ManavCompany.csproj", "{D83BCB08-8489-4E3A-B3B3-E4B10B362376}"
EndProject
Global
	GlobalSection(SolutionConfigurationPlatforms) = preSolution
		Debug|Any CPU = Debug|Any CPU
		Release|Any CPU = Release|Any CPU
	EndGlobalSection
	GlobalSection(ProjectConfigurationPlatforms) = postSolution
		{D83BCB08-8489-4E3A-B3B3-E4B10B362376}.Debug|Any CPU.ActiveCfg = Debug|Any CPU
		{D83BCB08-8489-4E3A-B3B3-E4B10B362376}.Debug|Any CPU.Build.0 = Debug|Any CPU
		{D83BCB08-8489-4E3A-B3B3-E4B10B362376}.Release|Any CPU.ActiveCfg = Release|Any CPU
		{D83BCB08-8489-4E3A-B3B3-E4B10B362376}.Release|Any CPU.Build.0 = Release|Any CPU
	EndGlobalSection
	GlobalSection(SolutionProperties) = preSolution
		HideSolutionNode = FALSE
	EndGlobalSection
	GlobalSection(ExtensibilityGlobals) = postSolution
		SolutionGuid = {B912D013-1BCA-4EAA-A3AD-97550957E66F}
	EndGlobalSection
EndGlobal
